
Microsoft Visual Studio Solution File, Format Version 12.00
# Visual Studio Version 17
VisualStudioVersion = 17.8.34322.80
MinimumVisualStudioVersion = 10.0.40219.1
Project("{2150E333-8FDC-42A3-9474-1A3956D46DE8}") = "BE.Management", "BE.Management", "{657AB0F2-E579-4291-AAA6-AF637C05ACEC}"
EndProject
Project("{2150E333-8FDC-42A3-9474-1A3956D46DE8}") = "Application", "Application", "{F863B296-58EC-4FF7-9EFD-6B8ECCA78B1F}"
EndProject
Project("{2150E333-8FDC-42A3-9474-1A3956D46DE8}") = "Domin", "Domin", "{C2CC56A5-7494-4C0E-B4CC-AF38578354C5}"
EndProject
Project("{2150E333-8FDC-42A3-9474-1A3956D46DE8}") = "Infrastructure", "Infrastructure", "{5CC09930-28D1-41AE-AE09-675FFEAD58D2}"
EndProject
Project("{9A19103F-16F7-4668-BE54-9A1E7A4F7556}") = "Application", "Application\Application.csproj", "{9288BA36-DC61-4DFD-BC33-329B8021D999}"
EndProject
Project("{9A19103F-16F7-4668-BE54-9A1E7A4F7556}") = "Contracts", "Contracts\Contracts.csproj", "{86690703-B00E-46E7-B812-D7C398E3BC95}"
EndProject
Project("{9A19103F-16F7-4668-BE54-9A1E7A4F7556}") = "Domin", "Domin\Domin.csproj", "{C6FF1207-FE90-42E2-BED3-AEA47EFA9200}"
EndProject
Project("{9A19103F-16F7-4668-BE54-9A1E7A4F7556}") = "Configuration", "Configuration\Configuration.csproj", "{30091EF4-0890-4CD5-B2D7-D5169F2386CE}"
EndProject
Project("{9A19103F-16F7-4668-BE54-9A1E7A4F7556}") = "Infrastructure", "Infrastructure\Infrastructure.csproj", "{A8559560-3708-4BAC-9411-29443DC279D0}"
EndProject
Project("{9A19103F-16F7-4668-BE54-9A1E7A4F7556}") = "0_Framework", "0_Framework\0_Framework.csproj", "{94F3202B-7504-4599-8767-2394CEDE97E5}"
EndProject
Project("{9A19103F-16F7-4668-BE54-9A1E7A4F7556}") = "01_QueryManagement", "01_QueryManagement\01_QueryManagement.csproj", "{5009C980-9C07-4ADB-9518-B25BA242AE4D}"
EndProject
Project("{9A19103F-16F7-4668-BE54-9A1E7A4F7556}") = "ServiceHost", "ServiceHost\ServiceHost.csproj", "{D5B2D083-FBE0-400A-901C-29F160BCD621}"
EndProject
Global
	GlobalSection(SolutionConfigurationPlatforms) = preSolution
		Debug|Any CPU = Debug|Any CPU
		Release|Any CPU = Release|Any CPU
	EndGlobalSection
	GlobalSection(ProjectConfigurationPlatforms) = postSolution
		{9288BA36-DC61-4DFD-BC33-329B8021D999}.Debug|Any CPU.ActiveCfg = Debug|Any CPU
		{9288BA36-DC61-4DFD-BC33-329B8021D999}.Debug|Any CPU.Build.0 = Debug|Any CPU
		{9288BA36-DC61-4DFD-BC33-329B8021D999}.Release|Any CPU.ActiveCfg = Release|Any CPU
		{9288BA36-DC61-4DFD-BC33-329B8021D999}.Release|Any CPU.Build.0 = Release|Any CPU
		{86690703-B00E-46E7-B812-D7C398E3BC95}.Debug|Any CPU.ActiveCfg = Debug|Any CPU
		{86690703-B00E-46E7-B812-D7C398E3BC95}.Debug|Any CPU.Build.0 = Debug|Any CPU
		{86690703-B00E-46E7-B812-D7C398E3BC95}.Release|Any CPU.ActiveCfg = Release|Any CPU
		{86690703-B00E-46E7-B812-D7C398E3BC95}.Release|Any CPU.Build.0 = Release|Any CPU
		{C6FF1207-FE90-42E2-BED3-AEA47EFA9200}.Debug|Any CPU.ActiveCfg = Debug|Any CPU
		{C6FF1207-FE90-42E2-BED3-AEA47EFA9200}.Debug|Any CPU.Build.0 = Debug|Any CPU
		{C6FF1207-FE90-42E2-BED3-AEA47EFA9200}.Release|Any CPU.ActiveCfg = Release|Any CPU
		{C6FF1207-FE90-42E2-BED3-AEA47EFA9200}.Release|Any CPU.Build.0 = Release|Any CPU
		{30091EF4-0890-4CD5-B2D7-D5169F2386CE}.Debug|Any CPU.ActiveCfg = Debug|Any CPU
		{30091EF4-0890-4CD5-B2D7-D5169F2386CE}.Debug|Any CPU.Build.0 = Debug|Any CPU
		{30091EF4-0890-4CD5-B2D7-D5169F2386CE}.Release|Any CPU.ActiveCfg = Release|Any CPU
		{30091EF4-0890-4CD5-B2D7-D5169F2386CE}.Release|Any CPU.Build.0 = Release|Any CPU
		{A8559560-3708-4BAC-9411-29443DC279D0}.Debug|Any CPU.ActiveCfg = Debug|Any CPU
		{A8559560-3708-4BAC-9411-29443DC279D0}.Debug|Any CPU.Build.0 = Debug|Any CPU
		{A8559560-3708-4BAC-9411-29443DC279D0}.Release|Any CPU.ActiveCfg = Release|Any CPU
		{A8559560-3708-4BAC-9411-29443DC279D0}.Release|Any CPU.Build.0 = Release|Any CPU
		{94F3202B-7504-4599-8767-2394CEDE97E5}.Debug|Any CPU.ActiveCfg = Debug|Any CPU
		{94F3202B-7504-4599-8767-2394CEDE97E5}.Debug|Any CPU.Build.0 = Debug|Any CPU
		{94F3202B-7504-4599-8767-2394CEDE97E5}.Release|Any CPU.ActiveCfg = Release|Any CPU
		{94F3202B-7504-4599-8767-2394CEDE97E5}.Release|Any CPU.Build.0 = Release|Any CPU
		{5009C980-9C07-4ADB-9518-B25BA242AE4D}.Debug|Any CPU.ActiveCfg = Debug|Any CPU
		{5009C980-9C07-4ADB-9518-B25BA242AE4D}.Debug|Any CPU.Build.0 = Debug|Any CPU
		{5009C980-9C07-4ADB-9518-B25BA242AE4D}.Release|Any CPU.ActiveCfg = Release|Any CPU
		{5009C980-9C07-4ADB-9518-B25BA242AE4D}.Release|Any CPU.Build.0 = Release|Any CPU
		{D5B2D083-FBE0-400A-901C-29F160BCD621}.Debug|Any CPU.ActiveCfg = Debug|Any CPU
		{D5B2D083-FBE0-400A-901C-29F160BCD621}.Debug|Any CPU.Build.0 = Debug|Any CPU
		{D5B2D083-FBE0-400A-901C-29F160BCD621}.Release|Any CPU.ActiveCfg = Release|Any CPU
		{D5B2D083-FBE0-400A-901C-29F160BCD621}.Release|Any CPU.Build.0 = Release|Any CPU
	EndGlobalSection
	GlobalSection(SolutionProperties) = preSolution
		HideSolutionNode = FALSE
	EndGlobalSection
	GlobalSection(NestedProjects) = preSolution
		{F863B296-58EC-4FF7-9EFD-6B8ECCA78B1F} = {657AB0F2-E579-4291-AAA6-AF637C05ACEC}
		{C2CC56A5-7494-4C0E-B4CC-AF38578354C5} = {657AB0F2-E579-4291-AAA6-AF637C05ACEC}
		{5CC09930-28D1-41AE-AE09-675FFEAD58D2} = {657AB0F2-E579-4291-AAA6-AF637C05ACEC}
		{9288BA36-DC61-4DFD-BC33-329B8021D999} = {F863B296-58EC-4FF7-9EFD-6B8ECCA78B1F}
		{86690703-B00E-46E7-B812-D7C398E3BC95} = {F863B296-58EC-4FF7-9EFD-6B8ECCA78B1F}
		{C6FF1207-FE90-42E2-BED3-AEA47EFA9200} = {C2CC56A5-7494-4C0E-B4CC-AF38578354C5}
		{30091EF4-0890-4CD5-B2D7-D5169F2386CE} = {5CC09930-28D1-41AE-AE09-675FFEAD58D2}
		{A8559560-3708-4BAC-9411-29443DC279D0} = {5CC09930-28D1-41AE-AE09-675FFEAD58D2}
	EndGlobalSection
	GlobalSection(ExtensibilityGlobals) = postSolution
		SolutionGuid = {A3A39070-AD85-4E18-885E-9A2979A5B225}
	EndGlobalSection
EndGlobal
